
Microsoft Visual Studio Solution File, Format Version 12.00
# Visual Studio Version 17
VisualStudioVersion = 17.8.34525.116
MinimumVisualStudioVersion = 10.0.40219.1
Project("{FAE04EC0-301F-11D3-BF4B-00C04F79EFBC}") = "Epplus", "Epplus.csproj", "{867817EE-04A3-4344-8364-8C0355852266}"
EndProject
Global
	GlobalSection(SolutionConfigurationPlatforms) = preSolution
		Debug|Any CPU = Debug|Any CPU
		Release|Any CPU = Release|Any CPU
	EndGlobalSection
	GlobalSection(ProjectConfigurationPlatforms) = postSolution
		{867817EE-04A3-4344-8364-8C0355852266}.Debug|Any CPU.ActiveCfg = Debug|Any CPU
		{867817EE-04A3-4344-8364-8C0355852266}.Debug|Any CPU.Build.0 = Debug|Any CPU
		{867817EE-04A3-4344-8364-8C0355852266}.Release|Any CPU.ActiveCfg = Release|Any CPU
		{867817EE-04A3-4344-8364-8C0355852266}.Release|Any CPU.Build.0 = Release|Any CPU
	EndGlobalSection
	GlobalSection(SolutionProperties) = preSolution
		HideSolutionNode = FALSE
	EndGlobalSection
	GlobalSection(ExtensibilityGlobals) = postSolution
		SolutionGuid = {BE6A0AF5-0425-4F6F-A56D-204114320AB9}
	EndGlobalSection
EndGlobal
